
Microsoft Visual Studio Solution File, Format Version 12.00
# Visual Studio Version 16
VisualStudioVersion = 16.0.31313.79
MinimumVisualStudioVersion = 10.0.40219.1
Project("{2150E333-8FDC-42A3-9474-1A3956D46DE8}") = "Chapter02", "Chapter02", "{FFF4AE6A-A160-4057-BE57-0C20DA517E3A}"
EndProject
Project("{FAE04EC0-301F-11D3-BF4B-00C04F79EFBC}") = "SalesCalculator", "SalesCalculator\SalesCalculator.csproj", "{EA5A3E00-3537-4B83-A70C-DD57F96D0FC0}"
EndProject
Project("{FAE04EC0-301F-11D3-BF4B-00C04F79EFBC}") = "Exercise1", "Exercise1\Exercise1.csproj", "{F054FF3F-0E64-454D-A12F-C84059FE8330}"
EndProject
Project("{2150E333-8FDC-42A3-9474-1A3956D46DE8}") = "Exercise", "Exercise", "{9D22C50A-8924-4D01-A0D1-5F32E7CC4133}"
EndProject
Project("{FAE04EC0-301F-11D3-BF4B-00C04F79EFBC}") = "Exercise2", "Exercise2\Exercise2.csproj", "{5DC2F38E-80A9-4432-AE58-DA691F3E4F05}"
EndProject
Project("{FAE04EC0-301F-11D3-BF4B-00C04F79EFBC}") = "Exercise3", "Exercise3\Exercise3.csproj", "{5A1D0B3C-34E1-4055-AA46-EF908DC1701C}"
EndProject
Project("{2150E333-8FDC-42A3-9474-1A3956D46DE8}") = "Chapter03", "Chapter03", "{3FC10432-20BA-40F5-A9AC-5D9B1DD082BB}"
EndProject
Project("{FAE04EC0-301F-11D3-BF4B-00C04F79EFBC}") = "Section01", "Section01\Section01.csproj", "{0DF9CF91-73DB-4BEC-93C6-BC22F1511825}"
EndProject
Project("{FAE04EC0-301F-11D3-BF4B-00C04F79EFBC}") = "DistanceConverter", "DistanceConverter\DistanceConverter.csproj", "{4D60E9EB-EE69-43E4-9C41-E180950B7618}"
EndProject
Project("{FAE04EC0-301F-11D3-BF4B-00C04F79EFBC}") = "Section01", "Chapter04\Section01\Section01.csproj", "{0D8255D9-FD23-41C0-A078-32E7112AC0DC}"
EndProject
Project("{2150E333-8FDC-42A3-9474-1A3956D46DE8}") = "Chapter04", "Chapter04", "{AEBDBC17-D31C-4135-9F12-FD9577135873}"
EndProject
Project("{FAE04EC0-301F-11D3-BF4B-00C04F79EFBC}") = "Exercise1", "Chapter04\Exercise\Exercise1\Exercise1.csproj", "{EA48FD0A-0A57-4B14-91EF-838EF6F8BC6A}"
EndProject
Project("{2150E333-8FDC-42A3-9474-1A3956D46DE8}") = "Excrcise", "Excrcise", "{5DD75377-1A6B-4A90-A08F-A2ABBDCDC73E}"
EndProject
Project("{FAE04EC0-301F-11D3-BF4B-00C04F79EFBC}") = "Exercise2", "Chapter04\Exercise\Exercise2\Exercise2.csproj", "{77A53D75-DD1A-4BA6-88C1-CE382AA48DE6}"
EndProject
Project("{FAE04EC0-301F-11D3-BF4B-00C04F79EFBC}") = "Exercise1", "Chapter05\Exercise1\Exercise1.csproj", "{DDD8E181-26AA-4236-9D4A-7B2696AA3514}"
EndProject
Project("{2150E333-8FDC-42A3-9474-1A3956D46DE8}") = "Chapter05", "Chapter05", "{9223A0FB-0077-4CD7-A85F-83431CD1B094}"
EndProject
Project("{FAE04EC0-301F-11D3-BF4B-00C04F79EFBC}") = "Test01", "..\..\..\Desktop\TestProject\Test01\Test01.csproj", "{2BFACDC3-F44D-4199-8498-F5C3C4AC0335}"
EndProject
Project("{FAE04EC0-301F-11D3-BF4B-00C04F79EFBC}") = "Test02", "..\..\..\Desktop\TestProject\Test02\Test02.csproj", "{E461C0A8-8900-485C-B520-E929BA33F712}"
EndProject
Global
	GlobalSection(SolutionConfigurationPlatforms) = preSolution
		Debug|Any CPU = Debug|Any CPU
		Release|Any CPU = Release|Any CPU
	EndGlobalSection
	GlobalSection(ProjectConfigurationPlatforms) = postSolution
		{EA5A3E00-3537-4B83-A70C-DD57F96D0FC0}.Debug|Any CPU.ActiveCfg = Debug|Any CPU
		{EA5A3E00-3537-4B83-A70C-DD57F96D0FC0}.Debug|Any CPU.Build.0 = Debug|Any CPU
		{EA5A3E00-3537-4B83-A70C-DD57F96D0FC0}.Release|Any CPU.ActiveCfg = Release|Any CPU
		{EA5A3E00-3537-4B83-A70C-DD57F96D0FC0}.Release|Any CPU.Build.0 = Release|Any CPU
		{F054FF3F-0E64-454D-A12F-C84059FE8330}.Debug|Any CPU.ActiveCfg = Debug|Any CPU
		{F054FF3F-0E64-454D-A12F-C84059FE8330}.Debug|Any CPU.Build.0 = Debug|Any CPU
		{F054FF3F-0E64-454D-A12F-C84059FE8330}.Release|Any CPU.ActiveCfg = Release|Any CPU
		{F054FF3F-0E64-454D-A12F-C84059FE8330}.Release|Any CPU.Build.0 = Release|Any CPU
		{5DC2F38E-80A9-4432-AE58-DA691F3E4F05}.Debug|Any CPU.ActiveCfg = Debug|Any CPU
		{5DC2F38E-80A9-4432-AE58-DA691F3E4F05}.Debug|Any CPU.Build.0 = Debug|Any CPU
		{5DC2F38E-80A9-4432-AE58-DA691F3E4F05}.Release|Any CPU.ActiveCfg = Release|Any CPU
		{5DC2F38E-80A9-4432-AE58-DA691F3E4F05}.Release|Any CPU.Build.0 = Release|Any CPU
		{5A1D0B3C-34E1-4055-AA46-EF908DC1701C}.Debug|Any CPU.ActiveCfg = Debug|Any CPU
		{5A1D0B3C-34E1-4055-AA46-EF908DC1701C}.Debug|Any CPU.Build.0 = Debug|Any CPU
		{5A1D0B3C-34E1-4055-AA46-EF908DC1701C}.Release|Any CPU.ActiveCfg = Release|Any CPU
		{5A1D0B3C-34E1-4055-AA46-EF908DC1701C}.Release|Any CPU.Build.0 = Release|Any CPU
		{0DF9CF91-73DB-4BEC-93C6-BC22F1511825}.Debug|Any CPU.ActiveCfg = Debug|Any CPU
		{0DF9CF91-73DB-4BEC-93C6-BC22F1511825}.Debug|Any CPU.Build.0 = Debug|Any CPU
		{0DF9CF91-73DB-4BEC-93C6-BC22F1511825}.Release|Any CPU.ActiveCfg = Release|Any CPU
		{0DF9CF91-73DB-4BEC-93C6-BC22F1511825}.Release|Any CPU.Build.0 = Release|Any CPU
		{4D60E9EB-EE69-43E4-9C41-E180950B7618}.Debug|Any CPU.ActiveCfg = Debug|Any CPU
		{4D60E9EB-EE69-43E4-9C41-E180950B7618}.Debug|Any CPU.Build.0 = Debug|Any CPU
		{4D60E9EB-EE69-43E4-9C41-E180950B7618}.Release|Any CPU.ActiveCfg = Release|Any CPU
		{4D60E9EB-EE69-43E4-9C41-E180950B7618}.Release|Any CPU.Build.0 = Release|Any CPU
		{0D8255D9-FD23-41C0-A078-32E7112AC0DC}.Debug|Any CPU.ActiveCfg = Debug|Any CPU
		{0D8255D9-FD23-41C0-A078-32E7112AC0DC}.Debug|Any CPU.Build.0 = Debug|Any CPU
		{0D8255D9-FD23-41C0-A078-32E7112AC0DC}.Release|Any CPU.ActiveCfg = Release|Any CPU
		{0D8255D9-FD23-41C0-A078-32E7112AC0DC}.Release|Any CPU.Build.0 = Release|Any CPU
		{EA48FD0A-0A57-4B14-91EF-838EF6F8BC6A}.Debug|Any CPU.ActiveCfg = Debug|Any CPU
		{EA48FD0A-0A57-4B14-91EF-838EF6F8BC6A}.Debug|Any CPU.Build.0 = Debug|Any CPU
		{EA48FD0A-0A57-4B14-91EF-838EF6F8BC6A}.Release|Any CPU.ActiveCfg = Release|Any CPU
		{EA48FD0A-0A57-4B14-91EF-838EF6F8BC6A}.Release|Any CPU.Build.0 = Release|Any CPU
		{77A53D75-DD1A-4BA6-88C1-CE382AA48DE6}.Debug|Any CPU.ActiveCfg = Debug|Any CPU
		{77A53D75-DD1A-4BA6-88C1-CE382AA48DE6}.Debug|Any CPU.Build.0 = Debug|Any CPU
		{77A53D75-DD1A-4BA6-88C1-CE382AA48DE6}.Release|Any CPU.ActiveCfg = Release|Any CPU
		{77A53D75-DD1A-4BA6-88C1-CE382AA48DE6}.Release|Any CPU.Build.0 = Release|Any CPU
		{DDD8E181-26AA-4236-9D4A-7B2696AA3514}.Debug|Any CPU.ActiveCfg = Debug|Any CPU
		{DDD8E181-26AA-4236-9D4A-7B2696AA3514}.Debug|Any CPU.Build.0 = Debug|Any CPU
		{DDD8E181-26AA-4236-9D4A-7B2696AA3514}.Release|Any CPU.ActiveCfg = Release|Any CPU
		{DDD8E181-26AA-4236-9D4A-7B2696AA3514}.Release|Any CPU.Build.0 = Release|Any CPU
		{2BFACDC3-F44D-4199-8498-F5C3C4AC0335}.Debug|Any CPU.ActiveCfg = Debug|Any CPU
		{2BFACDC3-F44D-4199-8498-F5C3C4AC0335}.Debug|Any CPU.Build.0 = Debug|Any CPU
		{2BFACDC3-F44D-4199-8498-F5C3C4AC0335}.Release|Any CPU.ActiveCfg = Release|Any CPU
		{2BFACDC3-F44D-4199-8498-F5C3C4AC0335}.Release|Any CPU.Build.0 = Release|Any CPU
		{E461C0A8-8900-485C-B520-E929BA33F712}.Debug|Any CPU.ActiveCfg = Debug|Any CPU
		{E461C0A8-8900-485C-B520-E929BA33F712}.Debug|Any CPU.Build.0 = Debug|Any CPU
		{E461C0A8-8900-485C-B520-E929BA33F712}.Release|Any CPU.ActiveCfg = Release|Any CPU
		{E461C0A8-8900-485C-B520-E929BA33F712}.Release|Any CPU.Build.0 = Release|Any CPU
	EndGlobalSection
	GlobalSection(SolutionProperties) = preSolution
		HideSolutionNode = FALSE
	EndGlobalSection
	GlobalSection(NestedProjects) = preSolution
		{EA5A3E00-3537-4B83-A70C-DD57F96D0FC0} = {FFF4AE6A-A160-4057-BE57-0C20DA517E3A}
		{F054FF3F-0E64-454D-A12F-C84059FE8330} = {9D22C50A-8924-4D01-A0D1-5F32E7CC4133}
		{9D22C50A-8924-4D01-A0D1-5F32E7CC4133} = {FFF4AE6A-A160-4057-BE57-0C20DA517E3A}
		{5DC2F38E-80A9-4432-AE58-DA691F3E4F05} = {9D22C50A-8924-4D01-A0D1-5F32E7CC4133}
		{5A1D0B3C-34E1-4055-AA46-EF908DC1701C} = {9D22C50A-8924-4D01-A0D1-5F32E7CC4133}
		{0DF9CF91-73DB-4BEC-93C6-BC22F1511825} = {3FC10432-20BA-40F5-A9AC-5D9B1DD082BB}
		{4D60E9EB-EE69-43E4-9C41-E180950B7618} = {FFF4AE6A-A160-4057-BE57-0C20DA517E3A}
		{0D8255D9-FD23-41C0-A078-32E7112AC0DC} = {AEBDBC17-D31C-4135-9F12-FD9577135873}
		{EA48FD0A-0A57-4B14-91EF-838EF6F8BC6A} = {5DD75377-1A6B-4A90-A08F-A2ABBDCDC73E}
		{5DD75377-1A6B-4A90-A08F-A2ABBDCDC73E} = {AEBDBC17-D31C-4135-9F12-FD9577135873}
		{77A53D75-DD1A-4BA6-88C1-CE382AA48DE6} = {5DD75377-1A6B-4A90-A08F-A2ABBDCDC73E}
		{DDD8E181-26AA-4236-9D4A-7B2696AA3514} = {9223A0FB-0077-4CD7-A85F-83431CD1B094}
	EndGlobalSection
	GlobalSection(ExtensibilityGlobals) = postSolution
		SolutionGuid = {B107EBBB-16D0-42ED-BBE7-9FF0BAA5ECEC}
	EndGlobalSection
EndGlobal
