
Microsoft Visual Studio Solution File, Format Version 12.00
# Visual Studio Version 16
VisualStudioVersion = 16.0.31313.79
MinimumVisualStudioVersion = 10.0.40219.1
Project("{2150E333-8FDC-42A3-9474-1A3956D46DE8}") = "Chapter02", "Chapter02", "{FFF4AE6A-A160-4057-BE57-0C20DA517E3A}"
EndProject
Project("{FAE04EC0-301F-11D3-BF4B-00C04F79EFBC}") = "SalesCalculator", "SalesCalculator\SalesCalculator.csproj", "{EA5A3E00-3537-4B83-A70C-DD57F96D0FC0}"
EndProject
Project("{FAE04EC0-301F-11D3-BF4B-00C04F79EFBC}") = "Exercise1", "Exercise1\Exercise1.csproj", "{F054FF3F-0E64-454D-A12F-C84059FE8330}"
EndProject
Project("{2150E333-8FDC-42A3-9474-1A3956D46DE8}") = "Exercise", "Exercise", "{9D22C50A-8924-4D01-A0D1-5F32E7CC4133}"
EndProject
Project("{FAE04EC0-301F-11D3-BF4B-00C04F79EFBC}") = "Exercise2", "Exercise2\Exercise2.csproj", "{5DC2F38E-80A9-4432-AE58-DA691F3E4F05}"
EndProject
Project("{FAE04EC0-301F-11D3-BF4B-00C04F79EFBC}") = "Exercise3", "Exercise3\Exercise3.csproj", "{5A1D0B3C-34E1-4055-AA46-EF908DC1701C}"
EndProject
Project("{2150E333-8FDC-42A3-9474-1A3956D46DE8}") = "Chapter03", "Chapter03", "{3FC10432-20BA-40F5-A9AC-5D9B1DD082BB}"
EndProject
Project("{FAE04EC0-301F-11D3-BF4B-00C04F79EFBC}") = "Section01", "Section01\Section01.csproj", "{0DF9CF91-73DB-4BEC-93C6-BC22F1511825}"
EndProject
Project("{FAE04EC0-301F-11D3-BF4B-00C04F79EFBC}") = "DistanceConverter", "DistanceConverter\DistanceConverter.csproj", "{4D60E9EB-EE69-43E4-9C41-E180950B7618}"
EndProject
Project("{FAE04EC0-301F-11D3-BF4B-00C04F79EFBC}") = "Section01", "Chapter04\Section01\Section01.csproj", "{0D8255D9-FD23-41C0-A078-32E7112AC0DC}"
EndProject
Project("{2150E333-8FDC-42A3-9474-1A3956D46DE8}") = "Chapter04", "Chapter04", "{AEBDBC17-D31C-4135-9F12-FD9577135873}"
EndProject
Project("{FAE04EC0-301F-11D3-BF4B-00C04F79EFBC}") = "Exercise1", "Chapter04\Exercise\Exercise1\Exercise1.csproj", "{EA48FD0A-0A57-4B14-91EF-838EF6F8BC6A}"
EndProject
Project("{2150E333-8FDC-42A3-9474-1A3956D46DE8}") = "Exercise", "Exercise", "{5DD75377-1A6B-4A90-A08F-A2ABBDCDC73E}"
EndProject
Project("{FAE04EC0-301F-11D3-BF4B-00C04F79EFBC}") = "Exercise2", "Chapter04\Exercise\Exercise2\Exercise2.csproj", "{77A53D75-DD1A-4BA6-88C1-CE382AA48DE6}"
EndProject
Project("{FAE04EC0-301F-11D3-BF4B-00C04F79EFBC}") = "Exercise1", "Chapter05\Exercise1\Exercise1.csproj", "{DDD8E181-26AA-4236-9D4A-7B2696AA3514}"
EndProject
Project("{2150E333-8FDC-42A3-9474-1A3956D46DE8}") = "Chapter05", "Chapter05", "{9223A0FB-0077-4CD7-A85F-83431CD1B094}"
EndProject
Project("{FAE04EC0-301F-11D3-BF4B-00C04F79EFBC}") = "Test01", "TestProject\Test01\Test01.csproj", "{2BFACDC3-F44D-4199-8498-F5C3C4AC0335}"
EndProject
Project("{FAE04EC0-301F-11D3-BF4B-00C04F79EFBC}") = "Test02", "TestProject\Test02\Test02.csproj", "{E461C0A8-8900-485C-B520-E929BA33F712}"
EndProject
Project("{2150E333-8FDC-42A3-9474-1A3956D46DE8}") = "TestProject", "TestProject", "{7CF25227-DDF1-4A6B-B768-2EFFEA5B9091}"
EndProject
Project("{FAE04EC0-301F-11D3-BF4B-00C04F79EFBC}") = "Exercise2", "Chapter05\Exercise2\Exercise2.csproj", "{3ED21F01-EE41-4877-890B-F08D05EF5924}"
EndProject
Project("{FAE04EC0-301F-11D3-BF4B-00C04F79EFBC}") = "Exercise3", "Chapter05\Exercise3\Exercise3.csproj", "{2754D27B-02D9-4050-871C-A1E4ED7E8B49}"
EndProject
Project("{FAE04EC0-301F-11D3-BF4B-00C04F79EFBC}") = "Section01", "Chapter06\Section01\Section01.csproj", "{B7050130-713F-44B2-8D02-A29471F0B61D}"
EndProject
Project("{2150E333-8FDC-42A3-9474-1A3956D46DE8}") = "Chapter06", "Chapter06", "{7429AF1A-4BD8-44EF-870D-8746C0CCC647}"
EndProject
Project("{FAE04EC0-301F-11D3-BF4B-00C04F79EFBC}") = "Exercise1", "Chapter06\Exercise\Exercise1\Exercise1.csproj", "{8EB0E796-0CB3-44B4-ADB6-B9317C258018}"
EndProject
Project("{2150E333-8FDC-42A3-9474-1A3956D46DE8}") = "Exercise", "Exercise", "{ED86EED7-4C83-4921-B151-74EB0618144A}"
EndProject
Project("{FAE04EC0-301F-11D3-BF4B-00C04F79EFBC}") = "Exercise2", "Chapter06\Exercise2\Exercise2.csproj", "{39F98F08-E709-490B-B177-3A29097F7BCD}"
EndProject
Project("{FAE04EC0-301F-11D3-BF4B-00C04F79EFBC}") = "Section03", "Chapter07\Section03\Section03.csproj", "{9666A25E-BC82-487A-A2BF-FF02E7DD010C}"
EndProject
Project("{2150E333-8FDC-42A3-9474-1A3956D46DE8}") = "Chapter07", "Chapter07", "{4BD9C1E0-44CE-48A5-9832-AC89718D8CBC}"
EndProject
Project("{FAE04EC0-301F-11D3-BF4B-00C04F79EFBC}") = "Exercise1", "Chapter07\Exercise\Exercise1\Exercise1.csproj", "{92D64100-619E-4F7D-8865-A325C004F7A2}"
EndProject
Project("{2150E333-8FDC-42A3-9474-1A3956D46DE8}") = "Chapter08", "Chapter08", "{4808A6C4-E8C0-4513-80B6-CAB61279F256}"
EndProject
Project("{FAE04EC0-301F-11D3-BF4B-00C04F79EFBC}") = "Exercise1", "Chapter08\Exercise1\Exercise1.csproj", "{5C1827E7-98FD-4C98-8F6E-820CC8F839CD}"
EndProject
Project("{2150E333-8FDC-42A3-9474-1A3956D46DE8}") = "Exercise", "Exercise", "{2AE053D4-3FA7-4D80-BD1F-D9C4CE5166A7}"
EndProject
Project("{FAE04EC0-301F-11D3-BF4B-00C04F79EFBC}") = "Exercise1", "Chapter08\Exercise\Exercise1\Exercise1.csproj", "{CEE08657-4A4E-4559-9D73-51449F5EFED5}"
EndProject
Project("{FAE04EC0-301F-11D3-BF4B-00C04F79EFBC}") = "StopWatch", "Chapter08\StopWatch\StopWatch.csproj", "{B5B4F585-ADCD-4328-B113-020AD820845C}"
EndProject
Project("{2150E333-8FDC-42A3-9474-1A3956D46DE8}") = "CarReportSystem", "CarReportSystem", "{EA31A95C-0817-4920-907E-55149C607A0E}"
EndProject
Project("{FAE04EC0-301F-11D3-BF4B-00C04F79EFBC}") = "CarReportSystem", "CarReportSystem\CarReportSystem\CarReportSystem.csproj", "{C82266BE-6C97-4294-89E1-F1FD0B87B6E0}"
EndProject
Project("{FAE04EC0-301F-11D3-BF4B-00C04F79EFBC}") = "Exercise1", "Chapter09\Exercise1\Exercise1.csproj", "{1A1583BF-A7A0-4594-B0F7-F5389FE335DE}"
EndProject
Project("{2150E333-8FDC-42A3-9474-1A3956D46DE8}") = "Chapter09", "Chapter09", "{5A7040F3-7862-48EC-963E-416C73464FC3}"
EndProject
Project("{FAE04EC0-301F-11D3-BF4B-00C04F79EFBC}") = "Exercise2", "Chapter09\Exercise2\Exercise2.csproj", "{44B3D2D1-A98E-43A7-9EDE-5DEC29993E79}"
EndProject
Global
	GlobalSection(SolutionConfigurationPlatforms) = preSolution
		Debug|Any CPU = Debug|Any CPU
		Release|Any CPU = Release|Any CPU
	EndGlobalSection
	GlobalSection(ProjectConfigurationPlatforms) = postSolution
		{EA5A3E00-3537-4B83-A70C-DD57F96D0FC0}.Debug|Any CPU.ActiveCfg = Debug|Any CPU
		{EA5A3E00-3537-4B83-A70C-DD57F96D0FC0}.Debug|Any CPU.Build.0 = Debug|Any CPU
		{EA5A3E00-3537-4B83-A70C-DD57F96D0FC0}.Release|Any CPU.ActiveCfg = Release|Any CPU
		{EA5A3E00-3537-4B83-A70C-DD57F96D0FC0}.Release|Any CPU.Build.0 = Release|Any CPU
		{F054FF3F-0E64-454D-A12F-C84059FE8330}.Debug|Any CPU.ActiveCfg = Debug|Any CPU
		{F054FF3F-0E64-454D-A12F-C84059FE8330}.Debug|Any CPU.Build.0 = Debug|Any CPU
		{F054FF3F-0E64-454D-A12F-C84059FE8330}.Release|Any CPU.ActiveCfg = Release|Any CPU
		{F054FF3F-0E64-454D-A12F-C84059FE8330}.Release|Any CPU.Build.0 = Release|Any CPU
		{5DC2F38E-80A9-4432-AE58-DA691F3E4F05}.Debug|Any CPU.ActiveCfg = Debug|Any CPU
		{5DC2F38E-80A9-4432-AE58-DA691F3E4F05}.Debug|Any CPU.Build.0 = Debug|Any CPU
		{5DC2F38E-80A9-4432-AE58-DA691F3E4F05}.Release|Any CPU.ActiveCfg = Release|Any CPU
		{5DC2F38E-80A9-4432-AE58-DA691F3E4F05}.Release|Any CPU.Build.0 = Release|Any CPU
		{5A1D0B3C-34E1-4055-AA46-EF908DC1701C}.Debug|Any CPU.ActiveCfg = Debug|Any CPU
		{5A1D0B3C-34E1-4055-AA46-EF908DC1701C}.Debug|Any CPU.Build.0 = Debug|Any CPU
		{5A1D0B3C-34E1-4055-AA46-EF908DC1701C}.Release|Any CPU.ActiveCfg = Release|Any CPU
		{5A1D0B3C-34E1-4055-AA46-EF908DC1701C}.Release|Any CPU.Build.0 = Release|Any CPU
		{0DF9CF91-73DB-4BEC-93C6-BC22F1511825}.Debug|Any CPU.ActiveCfg = Debug|Any CPU
		{0DF9CF91-73DB-4BEC-93C6-BC22F1511825}.Debug|Any CPU.Build.0 = Debug|Any CPU
		{0DF9CF91-73DB-4BEC-93C6-BC22F1511825}.Release|Any CPU.ActiveCfg = Release|Any CPU
		{0DF9CF91-73DB-4BEC-93C6-BC22F1511825}.Release|Any CPU.Build.0 = Release|Any CPU
		{4D60E9EB-EE69-43E4-9C41-E180950B7618}.Debug|Any CPU.ActiveCfg = Debug|Any CPU
		{4D60E9EB-EE69-43E4-9C41-E180950B7618}.Debug|Any CPU.Build.0 = Debug|Any CPU
		{4D60E9EB-EE69-43E4-9C41-E180950B7618}.Release|Any CPU.ActiveCfg = Release|Any CPU
		{4D60E9EB-EE69-43E4-9C41-E180950B7618}.Release|Any CPU.Build.0 = Release|Any CPU
		{0D8255D9-FD23-41C0-A078-32E7112AC0DC}.Debug|Any CPU.ActiveCfg = Debug|Any CPU
		{0D8255D9-FD23-41C0-A078-32E7112AC0DC}.Debug|Any CPU.Build.0 = Debug|Any CPU
		{0D8255D9-FD23-41C0-A078-32E7112AC0DC}.Release|Any CPU.ActiveCfg = Release|Any CPU
		{0D8255D9-FD23-41C0-A078-32E7112AC0DC}.Release|Any CPU.Build.0 = Release|Any CPU
		{EA48FD0A-0A57-4B14-91EF-838EF6F8BC6A}.Debug|Any CPU.ActiveCfg = Debug|Any CPU
		{EA48FD0A-0A57-4B14-91EF-838EF6F8BC6A}.Debug|Any CPU.Build.0 = Debug|Any CPU
		{EA48FD0A-0A57-4B14-91EF-838EF6F8BC6A}.Release|Any CPU.ActiveCfg = Release|Any CPU
		{EA48FD0A-0A57-4B14-91EF-838EF6F8BC6A}.Release|Any CPU.Build.0 = Release|Any CPU
		{77A53D75-DD1A-4BA6-88C1-CE382AA48DE6}.Debug|Any CPU.ActiveCfg = Debug|Any CPU
		{77A53D75-DD1A-4BA6-88C1-CE382AA48DE6}.Debug|Any CPU.Build.0 = Debug|Any CPU
		{77A53D75-DD1A-4BA6-88C1-CE382AA48DE6}.Release|Any CPU.ActiveCfg = Release|Any CPU
		{77A53D75-DD1A-4BA6-88C1-CE382AA48DE6}.Release|Any CPU.Build.0 = Release|Any CPU
		{DDD8E181-26AA-4236-9D4A-7B2696AA3514}.Debug|Any CPU.ActiveCfg = Debug|Any CPU
		{DDD8E181-26AA-4236-9D4A-7B2696AA3514}.Debug|Any CPU.Build.0 = Debug|Any CPU
		{DDD8E181-26AA-4236-9D4A-7B2696AA3514}.Release|Any CPU.ActiveCfg = Release|Any CPU
		{DDD8E181-26AA-4236-9D4A-7B2696AA3514}.Release|Any CPU.Build.0 = Release|Any CPU
		{2BFACDC3-F44D-4199-8498-F5C3C4AC0335}.Debug|Any CPU.ActiveCfg = Debug|Any CPU
		{2BFACDC3-F44D-4199-8498-F5C3C4AC0335}.Debug|Any CPU.Build.0 = Debug|Any CPU
		{2BFACDC3-F44D-4199-8498-F5C3C4AC0335}.Release|Any CPU.ActiveCfg = Release|Any CPU
		{2BFACDC3-F44D-4199-8498-F5C3C4AC0335}.Release|Any CPU.Build.0 = Release|Any CPU
		{E461C0A8-8900-485C-B520-E929BA33F712}.Debug|Any CPU.ActiveCfg = Debug|Any CPU
		{E461C0A8-8900-485C-B520-E929BA33F712}.Debug|Any CPU.Build.0 = Debug|Any CPU
		{E461C0A8-8900-485C-B520-E929BA33F712}.Release|Any CPU.ActiveCfg = Release|Any CPU
		{E461C0A8-8900-485C-B520-E929BA33F712}.Release|Any CPU.Build.0 = Release|Any CPU
		{3ED21F01-EE41-4877-890B-F08D05EF5924}.Debug|Any CPU.ActiveCfg = Debug|Any CPU
		{3ED21F01-EE41-4877-890B-F08D05EF5924}.Debug|Any CPU.Build.0 = Debug|Any CPU
		{3ED21F01-EE41-4877-890B-F08D05EF5924}.Release|Any CPU.ActiveCfg = Release|Any CPU
		{3ED21F01-EE41-4877-890B-F08D05EF5924}.Release|Any CPU.Build.0 = Release|Any CPU
		{2754D27B-02D9-4050-871C-A1E4ED7E8B49}.Debug|Any CPU.ActiveCfg = Debug|Any CPU
		{2754D27B-02D9-4050-871C-A1E4ED7E8B49}.Debug|Any CPU.Build.0 = Debug|Any CPU
		{2754D27B-02D9-4050-871C-A1E4ED7E8B49}.Release|Any CPU.ActiveCfg = Release|Any CPU
		{2754D27B-02D9-4050-871C-A1E4ED7E8B49}.Release|Any CPU.Build.0 = Release|Any CPU
		{B7050130-713F-44B2-8D02-A29471F0B61D}.Debug|Any CPU.ActiveCfg = Debug|Any CPU
		{B7050130-713F-44B2-8D02-A29471F0B61D}.Debug|Any CPU.Build.0 = Debug|Any CPU
		{B7050130-713F-44B2-8D02-A29471F0B61D}.Release|Any CPU.ActiveCfg = Release|Any CPU
		{B7050130-713F-44B2-8D02-A29471F0B61D}.Release|Any CPU.Build.0 = Release|Any CPU
		{8EB0E796-0CB3-44B4-ADB6-B9317C258018}.Debug|Any CPU.ActiveCfg = Debug|Any CPU
		{8EB0E796-0CB3-44B4-ADB6-B9317C258018}.Debug|Any CPU.Build.0 = Debug|Any CPU
		{8EB0E796-0CB3-44B4-ADB6-B9317C258018}.Release|Any CPU.ActiveCfg = Release|Any CPU
		{8EB0E796-0CB3-44B4-ADB6-B9317C258018}.Release|Any CPU.Build.0 = Release|Any CPU
		{39F98F08-E709-490B-B177-3A29097F7BCD}.Debug|Any CPU.ActiveCfg = Debug|Any CPU
		{39F98F08-E709-490B-B177-3A29097F7BCD}.Debug|Any CPU.Build.0 = Debug|Any CPU
		{39F98F08-E709-490B-B177-3A29097F7BCD}.Release|Any CPU.ActiveCfg = Release|Any CPU
		{39F98F08-E709-490B-B177-3A29097F7BCD}.Release|Any CPU.Build.0 = Release|Any CPU
		{9666A25E-BC82-487A-A2BF-FF02E7DD010C}.Debug|Any CPU.ActiveCfg = Debug|Any CPU
		{9666A25E-BC82-487A-A2BF-FF02E7DD010C}.Debug|Any CPU.Build.0 = Debug|Any CPU
		{9666A25E-BC82-487A-A2BF-FF02E7DD010C}.Release|Any CPU.ActiveCfg = Release|Any CPU
		{9666A25E-BC82-487A-A2BF-FF02E7DD010C}.Release|Any CPU.Build.0 = Release|Any CPU
		{92D64100-619E-4F7D-8865-A325C004F7A2}.Debug|Any CPU.ActiveCfg = Debug|Any CPU
		{92D64100-619E-4F7D-8865-A325C004F7A2}.Debug|Any CPU.Build.0 = Debug|Any CPU
		{92D64100-619E-4F7D-8865-A325C004F7A2}.Release|Any CPU.ActiveCfg = Release|Any CPU
		{92D64100-619E-4F7D-8865-A325C004F7A2}.Release|Any CPU.Build.0 = Release|Any CPU
		{5C1827E7-98FD-4C98-8F6E-820CC8F839CD}.Debug|Any CPU.ActiveCfg = Debug|Any CPU
		{5C1827E7-98FD-4C98-8F6E-820CC8F839CD}.Debug|Any CPU.Build.0 = Debug|Any CPU
		{5C1827E7-98FD-4C98-8F6E-820CC8F839CD}.Release|Any CPU.ActiveCfg = Release|Any CPU
		{5C1827E7-98FD-4C98-8F6E-820CC8F839CD}.Release|Any CPU.Build.0 = Release|Any CPU
		{CEE08657-4A4E-4559-9D73-51449F5EFED5}.Debug|Any CPU.ActiveCfg = Debug|Any CPU
		{CEE08657-4A4E-4559-9D73-51449F5EFED5}.Debug|Any CPU.Build.0 = Debug|Any CPU
		{CEE08657-4A4E-4559-9D73-51449F5EFED5}.Release|Any CPU.ActiveCfg = Release|Any CPU
		{CEE08657-4A4E-4559-9D73-51449F5EFED5}.Release|Any CPU.Build.0 = Release|Any CPU
		{B5B4F585-ADCD-4328-B113-020AD820845C}.Debug|Any CPU.ActiveCfg = Debug|Any CPU
		{B5B4F585-ADCD-4328-B113-020AD820845C}.Debug|Any CPU.Build.0 = Debug|Any CPU
		{B5B4F585-ADCD-4328-B113-020AD820845C}.Release|Any CPU.ActiveCfg = Release|Any CPU
		{B5B4F585-ADCD-4328-B113-020AD820845C}.Release|Any CPU.Build.0 = Release|Any CPU
		{C82266BE-6C97-4294-89E1-F1FD0B87B6E0}.Debug|Any CPU.ActiveCfg = Debug|Any CPU
		{C82266BE-6C97-4294-89E1-F1FD0B87B6E0}.Debug|Any CPU.Build.0 = Debug|Any CPU
		{C82266BE-6C97-4294-89E1-F1FD0B87B6E0}.Release|Any CPU.ActiveCfg = Release|Any CPU
		{C82266BE-6C97-4294-89E1-F1FD0B87B6E0}.Release|Any CPU.Build.0 = Release|Any CPU
		{1A1583BF-A7A0-4594-B0F7-F5389FE335DE}.Debug|Any CPU.ActiveCfg = Debug|Any CPU
		{1A1583BF-A7A0-4594-B0F7-F5389FE335DE}.Debug|Any CPU.Build.0 = Debug|Any CPU
		{1A1583BF-A7A0-4594-B0F7-F5389FE335DE}.Release|Any CPU.ActiveCfg = Release|Any CPU
		{1A1583BF-A7A0-4594-B0F7-F5389FE335DE}.Release|Any CPU.Build.0 = Release|Any CPU
		{44B3D2D1-A98E-43A7-9EDE-5DEC29993E79}.Debug|Any CPU.ActiveCfg = Debug|Any CPU
		{44B3D2D1-A98E-43A7-9EDE-5DEC29993E79}.Debug|Any CPU.Build.0 = Debug|Any CPU
		{44B3D2D1-A98E-43A7-9EDE-5DEC29993E79}.Release|Any CPU.ActiveCfg = Release|Any CPU
		{44B3D2D1-A98E-43A7-9EDE-5DEC29993E79}.Release|Any CPU.Build.0 = Release|Any CPU
	EndGlobalSection
	GlobalSection(SolutionProperties) = preSolution
		HideSolutionNode = FALSE
	EndGlobalSection
	GlobalSection(NestedProjects) = preSolution
		{EA5A3E00-3537-4B83-A70C-DD57F96D0FC0} = {FFF4AE6A-A160-4057-BE57-0C20DA517E3A}
		{F054FF3F-0E64-454D-A12F-C84059FE8330} = {9D22C50A-8924-4D01-A0D1-5F32E7CC4133}
		{9D22C50A-8924-4D01-A0D1-5F32E7CC4133} = {FFF4AE6A-A160-4057-BE57-0C20DA517E3A}
		{5DC2F38E-80A9-4432-AE58-DA691F3E4F05} = {9D22C50A-8924-4D01-A0D1-5F32E7CC4133}
		{5A1D0B3C-34E1-4055-AA46-EF908DC1701C} = {9D22C50A-8924-4D01-A0D1-5F32E7CC4133}
		{0DF9CF91-73DB-4BEC-93C6-BC22F1511825} = {3FC10432-20BA-40F5-A9AC-5D9B1DD082BB}
		{4D60E9EB-EE69-43E4-9C41-E180950B7618} = {FFF4AE6A-A160-4057-BE57-0C20DA517E3A}
		{0D8255D9-FD23-41C0-A078-32E7112AC0DC} = {AEBDBC17-D31C-4135-9F12-FD9577135873}
		{EA48FD0A-0A57-4B14-91EF-838EF6F8BC6A} = {5DD75377-1A6B-4A90-A08F-A2ABBDCDC73E}
		{5DD75377-1A6B-4A90-A08F-A2ABBDCDC73E} = {AEBDBC17-D31C-4135-9F12-FD9577135873}
		{77A53D75-DD1A-4BA6-88C1-CE382AA48DE6} = {5DD75377-1A6B-4A90-A08F-A2ABBDCDC73E}
		{DDD8E181-26AA-4236-9D4A-7B2696AA3514} = {9223A0FB-0077-4CD7-A85F-83431CD1B094}
		{2BFACDC3-F44D-4199-8498-F5C3C4AC0335} = {7CF25227-DDF1-4A6B-B768-2EFFEA5B9091}
		{E461C0A8-8900-485C-B520-E929BA33F712} = {7CF25227-DDF1-4A6B-B768-2EFFEA5B9091}
		{3ED21F01-EE41-4877-890B-F08D05EF5924} = {9223A0FB-0077-4CD7-A85F-83431CD1B094}
		{2754D27B-02D9-4050-871C-A1E4ED7E8B49} = {9223A0FB-0077-4CD7-A85F-83431CD1B094}
		{B7050130-713F-44B2-8D02-A29471F0B61D} = {7429AF1A-4BD8-44EF-870D-8746C0CCC647}
		{8EB0E796-0CB3-44B4-ADB6-B9317C258018} = {ED86EED7-4C83-4921-B151-74EB0618144A}
		{ED86EED7-4C83-4921-B151-74EB0618144A} = {7429AF1A-4BD8-44EF-870D-8746C0CCC647}
		{39F98F08-E709-490B-B177-3A29097F7BCD} = {ED86EED7-4C83-4921-B151-74EB0618144A}
		{9666A25E-BC82-487A-A2BF-FF02E7DD010C} = {4BD9C1E0-44CE-48A5-9832-AC89718D8CBC}
		{92D64100-619E-4F7D-8865-A325C004F7A2} = {4BD9C1E0-44CE-48A5-9832-AC89718D8CBC}
		{5C1827E7-98FD-4C98-8F6E-820CC8F839CD} = {4808A6C4-E8C0-4513-80B6-CAB61279F256}
		{2AE053D4-3FA7-4D80-BD1F-D9C4CE5166A7} = {4808A6C4-E8C0-4513-80B6-CAB61279F256}
		{CEE08657-4A4E-4559-9D73-51449F5EFED5} = {2AE053D4-3FA7-4D80-BD1F-D9C4CE5166A7}
		{B5B4F585-ADCD-4328-B113-020AD820845C} = {2AE053D4-3FA7-4D80-BD1F-D9C4CE5166A7}
		{C82266BE-6C97-4294-89E1-F1FD0B87B6E0} = {EA31A95C-0817-4920-907E-55149C607A0E}
		{1A1583BF-A7A0-4594-B0F7-F5389FE335DE} = {5A7040F3-7862-48EC-963E-416C73464FC3}
		{44B3D2D1-A98E-43A7-9EDE-5DEC29993E79} = {5A7040F3-7862-48EC-963E-416C73464FC3}
	EndGlobalSection
	GlobalSection(ExtensibilityGlobals) = postSolution
		SolutionGuid = {B107EBBB-16D0-42ED-BBE7-9FF0BAA5ECEC}
	EndGlobalSection
EndGlobal
